
Microsoft Visual Studio Solution File, Format Version 12.00
# Visual Studio Version 16
VisualStudioVersion = 16.0.31410.357
MinimumVisualStudioVersion = 10.0.40219.1
Project("{9A19103F-16F7-4668-BE54-9A1E7A4F7556}") = "WebApp", "WebApp\WebApp.csproj", "{6E690282-009A-4DBF-869F-D14DDA092350}"
EndProject
Project("{9A19103F-16F7-4668-BE54-9A1E7A4F7556}") = "WebAPI", "WebAPI\WebAPI.csproj", "{843E5E5A-B1F7-4CF1-BADC-34CBC7EBB501}"
EndProject
Global
	GlobalSection(SolutionConfigurationPlatforms) = preSolution
		Debug|Any CPU = Debug|Any CPU
		Release|Any CPU = Release|Any CPU
	EndGlobalSection
	GlobalSection(ProjectConfigurationPlatforms) = postSolution
		{6E690282-009A-4DBF-869F-D14DDA092350}.Debug|Any CPU.ActiveCfg = Debug|Any CPU
		{6E690282-009A-4DBF-869F-D14DDA092350}.Debug|Any CPU.Build.0 = Debug|Any CPU
		{6E690282-009A-4DBF-869F-D14DDA092350}.Release|Any CPU.ActiveCfg = Release|Any CPU
		{6E690282-009A-4DBF-869F-D14DDA092350}.Release|Any CPU.Build.0 = Release|Any CPU
		{843E5E5A-B1F7-4CF1-BADC-34CBC7EBB501}.Debug|Any CPU.ActiveCfg = Debug|Any CPU
		{843E5E5A-B1F7-4CF1-BADC-34CBC7EBB501}.Debug|Any CPU.Build.0 = Debug|Any CPU
		{843E5E5A-B1F7-4CF1-BADC-34CBC7EBB501}.Release|Any CPU.ActiveCfg = Release|Any CPU
		{843E5E5A-B1F7-4CF1-BADC-34CBC7EBB501}.Release|Any CPU.Build.0 = Release|Any CPU
	EndGlobalSection
	GlobalSection(SolutionProperties) = preSolution
		HideSolutionNode = FALSE
	EndGlobalSection
	GlobalSection(ExtensibilityGlobals) = postSolution
		SolutionGuid = {FA2D65B3-C856-47F1-A78C-8644D85CF0D7}
	EndGlobalSection
EndGlobal
